
Microsoft Visual Studio Solution File, Format Version 12.00
# Visual Studio Version 17
VisualStudioVersion = 17.12.35707.178 d17.12
MinimumVisualStudioVersion = 10.0.40219.1
Project("{FAE04EC0-301F-11D3-BF4B-00C04F79EFBC}") = "CMCS.Prototype", "CMCS.Prototype.csproj", "{58FECFA6-1A14-4E0A-A220-626115F2960A}"
EndProject
Project("{2150E333-8FDC-42A3-9474-1A3956D46DE8}") = "Models", "Models", "{54E8BDD2-83CB-4114-8532-BDAD5671CDC4}"
	ProjectSection(SolutionItems) = preProject
		Claim.cs = Claim.cs
	EndProjectSection
EndProject
Global
	GlobalSection(SolutionConfigurationPlatforms) = preSolution
		Debug|Any CPU = Debug|Any CPU
		Release|Any CPU = Release|Any CPU
	EndGlobalSection
	GlobalSection(ProjectConfigurationPlatforms) = postSolution
		{58FECFA6-1A14-4E0A-A220-626115F2960A}.Debug|Any CPU.ActiveCfg = Debug|Any CPU
		{58FECFA6-1A14-4E0A-A220-626115F2960A}.Debug|Any CPU.Build.0 = Debug|Any CPU
		{58FECFA6-1A14-4E0A-A220-626115F2960A}.Release|Any CPU.ActiveCfg = Release|Any CPU
		{58FECFA6-1A14-4E0A-A220-626115F2960A}.Release|Any CPU.Build.0 = Release|Any CPU
	EndGlobalSection
	GlobalSection(SolutionProperties) = preSolution
		HideSolutionNode = FALSE
	EndGlobalSection
EndGlobal
